
Microsoft Visual Studio Solution File, Format Version 12.00
# Visual Studio Version 16
VisualStudioVersion = 16.0.30002.166
MinimumVisualStudioVersion = 10.0.40219.1
Project("{9A19103F-16F7-4668-BE54-9A1E7A4F7556}") = "HectorAndradeTest.AplicationConsole", "Masivian.HectorAndradeTest.AplicationConsole\HectorAndradeTest.AplicationConsole.csproj", "{4AE6CAA9-FB9B-409B-9D38-EDF838294A29}"
EndProject
Global
	GlobalSection(SolutionConfigurationPlatforms) = preSolution
		Debug|Any CPU = Debug|Any CPU
		Release|Any CPU = Release|Any CPU
	EndGlobalSection
	GlobalSection(ProjectConfigurationPlatforms) = postSolution
		{4AE6CAA9-FB9B-409B-9D38-EDF838294A29}.Debug|Any CPU.ActiveCfg = Debug|Any CPU
		{4AE6CAA9-FB9B-409B-9D38-EDF838294A29}.Debug|Any CPU.Build.0 = Debug|Any CPU
		{4AE6CAA9-FB9B-409B-9D38-EDF838294A29}.Release|Any CPU.ActiveCfg = Release|Any CPU
		{4AE6CAA9-FB9B-409B-9D38-EDF838294A29}.Release|Any CPU.Build.0 = Release|Any CPU
	EndGlobalSection
	GlobalSection(SolutionProperties) = preSolution
		HideSolutionNode = FALSE
	EndGlobalSection
	GlobalSection(ExtensibilityGlobals) = postSolution
		SolutionGuid = {D46499D7-9B30-4308-BFF8-29B945C855EE}
	EndGlobalSection
EndGlobal
